
Microsoft Visual Studio Solution File, Format Version 12.00
# Visual Studio Version 17
VisualStudioVersion = 17.11.35219.272
MinimumVisualStudioVersion = 10.0.40219.1
Project("{FAE04EC0-301F-11D3-BF4B-00C04F79EFBC}") = "ClinicManagement", "ClinicManagement\ClinicManagement.csproj", "{FC52D9FA-52B3-473C-AED3-E0C791A44504}"
EndProject
Global
	GlobalSection(SolutionConfigurationPlatforms) = preSolution
		Debug|Any CPU = Debug|Any CPU
		Release|Any CPU = Release|Any CPU
	EndGlobalSection
	GlobalSection(ProjectConfigurationPlatforms) = postSolution
		{FC52D9FA-52B3-473C-AED3-E0C791A44504}.Debug|Any CPU.ActiveCfg = Debug|Any CPU
		{FC52D9FA-52B3-473C-AED3-E0C791A44504}.Debug|Any CPU.Build.0 = Debug|Any CPU
		{FC52D9FA-52B3-473C-AED3-E0C791A44504}.Release|Any CPU.ActiveCfg = Release|Any CPU
		{FC52D9FA-52B3-473C-AED3-E0C791A44504}.Release|Any CPU.Build.0 = Release|Any CPU
	EndGlobalSection
	GlobalSection(SolutionProperties) = preSolution
		HideSolutionNode = FALSE
	EndGlobalSection
	GlobalSection(ExtensibilityGlobals) = postSolution
		SolutionGuid = {161FCCE8-14F7-4EFA-B7B0-DE6A2035397F}
	EndGlobalSection
EndGlobal
